<?xml version="1.0" encoding="utf-8"?>
<Project ToolsVersion="4.0" xmlns="http://schemas.microsoft.com/developer/msbuild/2003">
  <ItemGroup>
    <Filter Include="Source Files">
      <UniqueIdentifier>{4FC737F1-C7A5-4376-A066-2A32D752A2FF}</UniqueIdentifier>
      <Extensions>cpp;c;cc;cxx;def;odl;idl;hpj;bat;asm;asmx</Extensions>
    </Filter>
    <Filter Include="Header Files">
      <UniqueIdentifier>{93995380-89BD-4b04-88EB-625FBE52EBFB}</UniqueIdentifier>
      <Extensions>h;hh;hpp;hxx;hm;inl;inc;xsd</Extensions>
    </Filter>
    <Filter Include="Resource Files">
      <UniqueIdentifier>{67DA6AB6-F800-4c08-8B7A-83BB121AAD01}</UniqueIdentifier>
      <Extensions>rc;ico;cur;bmp;dlg;rc2;rct;bin;rgs;gif;jpg;jpeg;jpe;resx;tiff;tif;png;wav;mfcribbon-ms</Extensions>
    </Filter>
    <Filter Include="Source Files\Blarrg_Gb_Snd_Emu">
      <UniqueIdentifier>{d56fa2cc-3355-4295-b75c-aeb642ba821a}</UniqueIdentifier>
    </Filter>
    <Filter Include="Header Files\Blarrg_Gb_Snd_Emu">
      <UniqueIdentifier>{8dd74f69-2332-4173-b2a8-21494acf155c}</UniqueIdentifier>
    </Filter>
    <Filter Include="Header Files\boost">
      <UniqueIdentifier>{e174303b-91e7-4b3d-9329-b19d52caa7f9}</UniqueIdentifier>
    </Filter>
  </ItemGroup>
  <ItemGroup>
    <Text Include="ReadMe.txt" />
  </ItemGroup>
  <ItemGroup>
    <ClInclude Include="stdafx.h">
      <Filter>Header Files</Filter>
    </ClInclude>
    <ClInclude Include="targetver.h">
      <Filter>Header Files</Filter>
    </ClInclude>
    <ClInclude Include="CPU.h">
      <Filter>Header Files</Filter>
    </ClInclude>
    <ClInclude Include="CPURegisters.h">
      <Filter>Header Files</Filter>
    </ClInclude>
    <ClInclude Include="MMU.h">
      <Filter>Header Files</Filter>
    </ClInclude>
    <ClInclude Include="IMMU.h">
      <Filter>Header Files</Filter>
    </ClInclude>
    <ClInclude Include="Interrupts.h">
      <Filter>Header Files</Filter>
    </ClInclude>
    <ClInclude Include="BaseMBC.h">
      <Filter>Header Files</Filter>
    </ClInclude>
    <ClInclude Include="WRAM.h">
      <Filter>Header Files</Filter>
    </ClInclude>
    <ClInclude Include="Joypad.h">
      <Filter>Header Files</Filter>
    </ClInclude>
    <ClInclude Include="Timer.h">
      <Filter>Header Files</Filter>
    </ClInclude>
    <ClInclude Include="VRAM.h">
      <Filter>Header Files</Filter>
    </ClInclude>
    <ClInclude Include="GameBoy.h">
      <Filter>Header Files</Filter>
    </ClInclude>
    <ClInclude Include="LCDDisplay.h">
      <Filter>Header Files</Filter>
    </ClInclude>
    <ClInclude Include="MBC1.h">
      <Filter>Header Files</Filter>
    </ClInclude>
    <ClInclude Include="MBC2.h">
      <Filter>Header Files</Filter>
    </ClInclude>
    <ClInclude Include="MBC3.h">
      <Filter>Header Files</Filter>
    </ClInclude>
    <ClInclude Include="MBC5.h">
      <Filter>Header Files</Filter>
    </ClInclude>
    <ClInclude Include="SoundController.h">
      <Filter>Header Files</Filter>
    </ClInclude>
    <ClInclude Include="Blargg_Gb_Snd_Emu\blargg_common.h">
      <Filter>Header Files\Blarrg_Gb_Snd_Emu</Filter>
    </ClInclude>
    <ClInclude Include="Blargg_Gb_Snd_Emu\blargg_source.h">
      <Filter>Header Files\Blarrg_Gb_Snd_Emu</Filter>
    </ClInclude>
    <ClInclude Include="Blargg_Gb_Snd_Emu\Blip_Buffer.h">
      <Filter>Header Files\Blarrg_Gb_Snd_Emu</Filter>
    </ClInclude>
    <ClInclude Include="Blargg_Gb_Snd_Emu\Blip_Synth.h">
      <Filter>Header Files\Blarrg_Gb_Snd_Emu</Filter>
    </ClInclude>
    <ClInclude Include="Blargg_Gb_Snd_Emu\Gb_Apu.h">
      <Filter>Header Files\Blarrg_Gb_Snd_Emu</Filter>
    </ClInclude>
    <ClInclude Include="Blargg_Gb_Snd_Emu\Gb_Oscs.h">
      <Filter>Header Files\Blarrg_Gb_Snd_Emu</Filter>
    </ClInclude>
    <ClInclude Include="Blargg_Gb_Snd_Emu\Multi_Buffer.h">
      <Filter>Header Files\Blarrg_Gb_Snd_Emu</Filter>
    </ClInclude>
    <ClInclude Include="boost\config.hpp">
      <Filter>Header Files\boost</Filter>
    </ClInclude>
    <ClInclude Include="boost\cstdint.hpp">
      <Filter>Header Files\boost</Filter>
    </ClInclude>
    <ClInclude Include="boost\static_assert.hpp">
      <Filter>Header Files\boost</Filter>
    </ClInclude>
    <ClInclude Include="Blargg_Gb_Snd_Emu\Sound_Queue.h">
      <Filter>Header Files\Blarrg_Gb_Snd_Emu</Filter>
    </ClInclude>
  </ItemGroup>
  <ItemGroup>
    <ClCompile Include="stdafx.cpp">
      <Filter>Source Files</Filter>
    </ClCompile>
    <ClCompile Include="GameBoyEmulator.cpp">
      <Filter>Source Files</Filter>
    </ClCompile>
    <ClCompile Include="CPU.cpp">
      <Filter>Source Files</Filter>
    </ClCompile>
    <ClCompile Include="CPURegisters.cpp">
      <Filter>Source Files</Filter>
    </ClCompile>
    <ClCompile Include="MMU.cpp">
      <Filter>Source Files</Filter>
    </ClCompile>
    <ClCompile Include="Interrupts.cpp">
      <Filter>Source Files</Filter>
    </ClCompile>
    <ClCompile Include="BaseMBC.cpp">
      <Filter>Source Files</Filter>
    </ClCompile>
    <ClCompile Include="WRAM.cpp">
      <Filter>Source Files</Filter>
    </ClCompile>
    <ClCompile Include="Joypad.cpp">
      <Filter>Source Files</Filter>
    </ClCompile>
    <ClCompile Include="Timer.cpp">
      <Filter>Source Files</Filter>
    </ClCompile>
    <ClCompile Include="VRAM.cpp">
      <Filter>Source Files</Filter>
    </ClCompile>
    <ClCompile Include="GameBoy.cpp">
      <Filter>Source Files</Filter>
    </ClCompile>
    <ClCompile Include="LCDDisplay.cpp">
      <Filter>Source Files</Filter>
    </ClCompile>
    <ClCompile Include="MBC1.cpp">
      <Filter>Source Files</Filter>
    </ClCompile>
    <ClCompile Include="MBC2.cpp">
      <Filter>Source Files</Filter>
    </ClCompile>
    <ClCompile Include="MBC3.cpp">
      <Filter>Source Files</Filter>
    </ClCompile>
    <ClCompile Include="MBC5.cpp">
      <Filter>Source Files</Filter>
    </ClCompile>
    <ClCompile Include="SoundController.cpp">
      <Filter>Source Files</Filter>
    </ClCompile>
    <ClCompile Include="Blargg_Gb_Snd_Emu\Blip_Buffer.cpp">
      <Filter>Source Files\Blarrg_Gb_Snd_Emu</Filter>
    </ClCompile>
    <ClCompile Include="Blargg_Gb_Snd_Emu\Gb_Apu.cpp">
      <Filter>Source Files\Blarrg_Gb_Snd_Emu</Filter>
    </ClCompile>
    <ClCompile Include="Blargg_Gb_Snd_Emu\Gb_Oscs.cpp">
      <Filter>Source Files\Blarrg_Gb_Snd_Emu</Filter>
    </ClCompile>
    <ClCompile Include="Blargg_Gb_Snd_Emu\Multi_Buffer.cpp">
      <Filter>Source Files\Blarrg_Gb_Snd_Emu</Filter>
    </ClCompile>
    <ClCompile Include="Blargg_Gb_Snd_Emu\Sound_Queue.cpp">
      <Filter>Source Files\Blarrg_Gb_Snd_Emu</Filter>
    </ClCompile>
  </ItemGroup>
</Project>